
Microsoft Visual Studio Solution File, Format Version 12.00
# Visual Studio 15
VisualStudioVersion = 15.0.27428.2005
MinimumVisualStudioVersion = 10.0.40219.1
Project("{FAE04EC0-301F-11D3-BF4B-00C04F79EFBC}") = "MyoApp", "MyoApp\MyoApp.csproj", "{F177FA4C-E151-4349-B2F1-A06F124741DF}"
EndProject
Global
	GlobalSection(SolutionConfigurationPlatforms) = preSolution
		Debug|Any CPU = Debug|Any CPU
		Release|Any CPU = Release|Any CPU
	EndGlobalSection
	GlobalSection(ProjectConfigurationPlatforms) = postSolution
		{F177FA4C-E151-4349-B2F1-A06F124741DF}.Debug|Any CPU.ActiveCfg = Debug|Any CPU
		{F177FA4C-E151-4349-B2F1-A06F124741DF}.Debug|Any CPU.Build.0 = Debug|Any CPU
		{F177FA4C-E151-4349-B2F1-A06F124741DF}.Release|Any CPU.ActiveCfg = Release|Any CPU
		{F177FA4C-E151-4349-B2F1-A06F124741DF}.Release|Any CPU.Build.0 = Release|Any CPU
	EndGlobalSection
	GlobalSection(SolutionProperties) = preSolution
		HideSolutionNode = FALSE
	EndGlobalSection
	GlobalSection(ExtensibilityGlobals) = postSolution
		SolutionGuid = {6D6C48EE-66AB-4FBE-8A42-93DD39AD5D96}
	EndGlobalSection
EndGlobal
